
Microsoft Visual Studio Solution File, Format Version 12.00
# Visual Studio Version 17
VisualStudioVersion = 17.3.32811.315
MinimumVisualStudioVersion = 10.0.40219.1
Project("{9A19103F-16F7-4668-BE54-9A1E7A4F7556}") = "CoderDecoreSite", "CoderDecoreSite.csproj", "{E7323024-80A6-4B68-A5CF-FD5D908E7591}"
EndProject
Global
	GlobalSection(SolutionConfigurationPlatforms) = preSolution
		Debug|Any CPU = Debug|Any CPU
		Release|Any CPU = Release|Any CPU
	EndGlobalSection
	GlobalSection(ProjectConfigurationPlatforms) = postSolution
		{E7323024-80A6-4B68-A5CF-FD5D908E7591}.Debug|Any CPU.ActiveCfg = Debug|Any CPU
		{E7323024-80A6-4B68-A5CF-FD5D908E7591}.Debug|Any CPU.Build.0 = Debug|Any CPU
		{E7323024-80A6-4B68-A5CF-FD5D908E7591}.Release|Any CPU.ActiveCfg = Release|Any CPU
		{E7323024-80A6-4B68-A5CF-FD5D908E7591}.Release|Any CPU.Build.0 = Release|Any CPU
	EndGlobalSection
	GlobalSection(SolutionProperties) = preSolution
		HideSolutionNode = FALSE
	EndGlobalSection
	GlobalSection(ExtensibilityGlobals) = postSolution
		SolutionGuid = {3AEBACA9-DAE4-491E-A0CF-25E56F4819D3}
	EndGlobalSection
EndGlobal
